
Microsoft Visual Studio Solution File, Format Version 12.00
# Visual Studio Version 17
VisualStudioVersion = 17.0.32014.148
MinimumVisualStudioVersion = 10.0.40219.1
Project("{2150E333-8FDC-42A3-9474-1A3956D46DE8}") = "Solution Items", "Solution Items", "{8A7BB109-8EA5-4E32-A9A5-BC9E32D1632A}"
	ProjectSection(SolutionItems) = preProject
		.editorconfig = .editorconfig
		Directory.Build.props = Directory.Build.props
	EndProjectSection
EndProject
Project("{E53339B2-1760-4266-BCC7-CA923CBCF16C}") = "docker-compose", "docker-compose.dcproj", "{1E209A81-EC84-4080-BA3F-6FCCBBEC41DF}"
EndProject
Project("{2150E333-8FDC-42A3-9474-1A3956D46DE8}") = "src", "src", "{E6DA5872-FE3A-4254-90B4-1D9AF638B17C}"
EndProject
Project("{9A19103F-16F7-4668-BE54-9A1E7A4F7556}") = "App", "src\App\App.csproj", "{7B2759EB-9E5C-40F9-B732-CB43FF475E4C}"
EndProject
Project("{2150E333-8FDC-42A3-9474-1A3956D46DE8}") = "Common", "Common", "{C4CD7A94-BC51-4A39-8D4B-6D2EB74CD52A}"
EndProject
Project("{9A19103F-16F7-4668-BE54-9A1E7A4F7556}") = "Shared", "src\Common\Shared\Shared.csproj", "{12F40C03-05EE-4521-911F-5CE6AB84C7D4}"
EndProject
Project("{9A19103F-16F7-4668-BE54-9A1E7A4F7556}") = "Domain", "src\Common\Domain\Domain.csproj", "{9017B2F6-3C7A-4F75-9919-6D6B3AD6CA07}"
EndProject
Project("{9A19103F-16F7-4668-BE54-9A1E7A4F7556}") = "Application", "src\Common\Application\Application.csproj", "{0E080EB4-4904-4000-861A-D810915BE08A}"
EndProject
Project("{9A19103F-16F7-4668-BE54-9A1E7A4F7556}") = "Authorization", "src\Common\Authorization\Authorization.csproj", "{D578CE8A-CE9A-40C5-8F01-B3493DAE982F}"
EndProject
Project("{9A19103F-16F7-4668-BE54-9A1E7A4F7556}") = "Endpoints", "src\Common\Endpoints\Endpoints.csproj", "{19AEC144-7200-40DD-A87E-AA81CB23348F}"
EndProject
Project("{9A19103F-16F7-4668-BE54-9A1E7A4F7556}") = "Infrastructure", "src\Common\Infrastructure\Infrastructure.csproj", "{BE27EEAC-063C-450A-9476-779C47153254}"
EndProject
Project("{9A19103F-16F7-4668-BE54-9A1E7A4F7556}") = "Persistence", "src\Common\Persistence\Persistence.csproj", "{E7B9C073-86B7-4259-95CB-87CEF8BDF6FD}"
EndProject
Project("{2150E333-8FDC-42A3-9474-1A3956D46DE8}") = "Modules", "Modules", "{CAA06576-1710-46CA-9C3A-A39EE2EB4501}"
EndProject
Project("{2150E333-8FDC-42A3-9474-1A3956D46DE8}") = "Users", "Users", "{B82A17B2-94DF-44C2-A459-EE6C6B68553C}"
EndProject
Project("{9A19103F-16F7-4668-BE54-9A1E7A4F7556}") = "Modules.Users.Domain", "src\Modules\Users\Modules.Users.Domain\Modules.Users.Domain.csproj", "{59205FD0-50B8-4559-9DE5-79E13D5EEEAF}"
EndProject
Project("{9A19103F-16F7-4668-BE54-9A1E7A4F7556}") = "Modules.Users.Application", "src\Modules\Users\Modules.Users.Application\Modules.Users.Application.csproj", "{2FD376AF-BCDA-4C3F-B257-88DB9009C5C9}"
EndProject
Project("{9A19103F-16F7-4668-BE54-9A1E7A4F7556}") = "Modules.Users.Endpoints", "src\Modules\Users\Modules.Users.Endpoints\Modules.Users.Endpoints.csproj", "{7C1EC237-C13D-4B6D-920A-F6C3409427DC}"
EndProject
Project("{9A19103F-16F7-4668-BE54-9A1E7A4F7556}") = "Modules.Users.Infrastructure", "src\Modules\Users\Modules.Users.Infrastructure\Modules.Users.Infrastructure.csproj", "{B2CB9041-BDDF-41D4-A466-453B9880A8CA}"
EndProject
Project("{9A19103F-16F7-4668-BE54-9A1E7A4F7556}") = "Modules.Users.IntegrationEvents", "src\Modules\Users\Modules.Users.IntegrationEvents\Modules.Users.IntegrationEvents.csproj", "{64D8BBD8-6E8C-41EA-BC88-E58EE8F5DEAF}"
EndProject
Project("{9A19103F-16F7-4668-BE54-9A1E7A4F7556}") = "Modules.Users.Persistence", "src\Modules\Users\Modules.Users.Persistence\Modules.Users.Persistence.csproj", "{2F03C65B-4A3F-42A8-8FEA-83B367AE973F}"
EndProject
Project("{2150E333-8FDC-42A3-9474-1A3956D46DE8}") = "Training", "Training", "{ED3C2E00-7D83-4B62-8EBA-6EA30F29D008}"
EndProject
Project("{9A19103F-16F7-4668-BE54-9A1E7A4F7556}") = "Modules.Training.Domain", "src\Modules\Training\Modules.Training.Domain\Modules.Training.Domain.csproj", "{EF0E9896-5EF9-4ABD-A351-75B879AABB31}"
EndProject
Project("{9A19103F-16F7-4668-BE54-9A1E7A4F7556}") = "Modules.Training.Application", "src\Modules\Training\Modules.Training.Application\Modules.Training.Application.csproj", "{11709EE9-BA73-47EA-9953-545EACA400B0}"
EndProject
Project("{9A19103F-16F7-4668-BE54-9A1E7A4F7556}") = "Modules.Training.Endpoints", "src\Modules\Training\Modules.Training.Endpoints\Modules.Training.Endpoints.csproj", "{B983E94B-4D72-4161-8CBB-5EABA406EE82}"
EndProject
Project("{9A19103F-16F7-4668-BE54-9A1E7A4F7556}") = "Modules.Training.Infrastructure", "src\Modules\Training\Modules.Training.Infrastructure\Modules.Training.Infrastructure.csproj", "{26D27C35-97A0-469F-9C92-11202B4763BC}"
EndProject
Project("{9A19103F-16F7-4668-BE54-9A1E7A4F7556}") = "Modules.Training.IntegrationEvents", "src\Modules\Training\Modules.Training.IntegrationEvents\Modules.Training.IntegrationEvents.csproj", "{1E689290-081C-4929-83CE-994EFF5F3689}"
EndProject
Project("{9A19103F-16F7-4668-BE54-9A1E7A4F7556}") = "Modules.Training.Persistence", "src\Modules\Training\Modules.Training.Persistence\Modules.Training.Persistence.csproj", "{C9BADB0F-6461-439C-BBB9-0E6D584F0536}"
EndProject
Project("{2150E333-8FDC-42A3-9474-1A3956D46DE8}") = "Notifications", "Notifications", "{D5745E26-94A0-427F-AA96-155EFB830169}"
EndProject
Project("{9A19103F-16F7-4668-BE54-9A1E7A4F7556}") = "Modules.Notifications.Domain", "src\Modules\Notifications\Modules.Notifications.Domain\Modules.Notifications.Domain.csproj", "{3515FBD7-4707-4A72-9A97-6927AD9EE478}"
EndProject
Project("{9A19103F-16F7-4668-BE54-9A1E7A4F7556}") = "Modules.Notifications.Application", "src\Modules\Notifications\Modules.Notifications.Application\Modules.Notifications.Application.csproj", "{A5A7193C-1C68-43C4-8CF0-C63F5C624A73}"
EndProject
Project("{9A19103F-16F7-4668-BE54-9A1E7A4F7556}") = "Modules.Notifications.Infrastructure", "src\Modules\Notifications\Modules.Notifications.Infrastructure\Modules.Notifications.Infrastructure.csproj", "{020D9F54-6C26-4531-9004-0EE6DAFA0955}"
EndProject
Project("{9A19103F-16F7-4668-BE54-9A1E7A4F7556}") = "Modules.Notifications.Persistence", "src\Modules\Notifications\Modules.Notifications.Persistence\Modules.Notifications.Persistence.csproj", "{4E254FED-479F-47B2-B334-79DF418BCC48}"
EndProject
Project("{2150E333-8FDC-42A3-9474-1A3956D46DE8}") = "test", "test", "{AB603149-4B96-4005-AF79-884EB73820AB}"
	ProjectSection(SolutionItems) = preProject
		test\.editorconfig = test\.editorconfig
	EndProjectSection
EndProject
Project("{2150E333-8FDC-42A3-9474-1A3956D46DE8}") = "Modules", "Modules", "{4BABECA4-9E06-4829-BB7C-3A271CC8BE88}"
EndProject
Project("{2150E333-8FDC-42A3-9474-1A3956D46DE8}") = "Users", "Users", "{28A8DAB9-7E58-4CD4-B90A-368AB2558466}"
EndProject
Project("{9A19103F-16F7-4668-BE54-9A1E7A4F7556}") = "Modules.Users.Application.UnitTests", "test\Modules\Users\Modules.Users.Application.UnitTests\Modules.Users.Application.UnitTests.csproj", "{884CA9CD-319A-49EB-91FF-005C2A60EBB0}"
EndProject
Project("{9A19103F-16F7-4668-BE54-9A1E7A4F7556}") = "Modules.Users.Domain.UnitTests", "test\Modules\Users\Modules.Users.Domain.UnitTests\Modules.Users.Domain.UnitTests.csproj", "{2B0B9B60-7113-44B0-9705-248B932F66D2}"
EndProject
Global
	GlobalSection(SolutionConfigurationPlatforms) = preSolution
		Debug|Any CPU = Debug|Any CPU
		Release|Any CPU = Release|Any CPU
	EndGlobalSection
	GlobalSection(ProjectConfigurationPlatforms) = postSolution
		{1E209A81-EC84-4080-BA3F-6FCCBBEC41DF}.Debug|Any CPU.ActiveCfg = Debug|Any CPU
		{1E209A81-EC84-4080-BA3F-6FCCBBEC41DF}.Debug|Any CPU.Build.0 = Debug|Any CPU
		{1E209A81-EC84-4080-BA3F-6FCCBBEC41DF}.Release|Any CPU.ActiveCfg = Release|Any CPU
		{1E209A81-EC84-4080-BA3F-6FCCBBEC41DF}.Release|Any CPU.Build.0 = Release|Any CPU
		{7B2759EB-9E5C-40F9-B732-CB43FF475E4C}.Debug|Any CPU.ActiveCfg = Debug|Any CPU
		{7B2759EB-9E5C-40F9-B732-CB43FF475E4C}.Debug|Any CPU.Build.0 = Debug|Any CPU
		{7B2759EB-9E5C-40F9-B732-CB43FF475E4C}.Release|Any CPU.ActiveCfg = Release|Any CPU
		{7B2759EB-9E5C-40F9-B732-CB43FF475E4C}.Release|Any CPU.Build.0 = Release|Any CPU
		{12F40C03-05EE-4521-911F-5CE6AB84C7D4}.Debug|Any CPU.ActiveCfg = Debug|Any CPU
		{12F40C03-05EE-4521-911F-5CE6AB84C7D4}.Debug|Any CPU.Build.0 = Debug|Any CPU
		{12F40C03-05EE-4521-911F-5CE6AB84C7D4}.Release|Any CPU.ActiveCfg = Release|Any CPU
		{12F40C03-05EE-4521-911F-5CE6AB84C7D4}.Release|Any CPU.Build.0 = Release|Any CPU
		{9017B2F6-3C7A-4F75-9919-6D6B3AD6CA07}.Debug|Any CPU.ActiveCfg = Debug|Any CPU
		{9017B2F6-3C7A-4F75-9919-6D6B3AD6CA07}.Debug|Any CPU.Build.0 = Debug|Any CPU
		{9017B2F6-3C7A-4F75-9919-6D6B3AD6CA07}.Release|Any CPU.ActiveCfg = Release|Any CPU
		{9017B2F6-3C7A-4F75-9919-6D6B3AD6CA07}.Release|Any CPU.Build.0 = Release|Any CPU
		{0E080EB4-4904-4000-861A-D810915BE08A}.Debug|Any CPU.ActiveCfg = Debug|Any CPU
		{0E080EB4-4904-4000-861A-D810915BE08A}.Debug|Any CPU.Build.0 = Debug|Any CPU
		{0E080EB4-4904-4000-861A-D810915BE08A}.Release|Any CPU.ActiveCfg = Release|Any CPU
		{0E080EB4-4904-4000-861A-D810915BE08A}.Release|Any CPU.Build.0 = Release|Any CPU
		{D578CE8A-CE9A-40C5-8F01-B3493DAE982F}.Debug|Any CPU.ActiveCfg = Debug|Any CPU
		{D578CE8A-CE9A-40C5-8F01-B3493DAE982F}.Debug|Any CPU.Build.0 = Debug|Any CPU
		{D578CE8A-CE9A-40C5-8F01-B3493DAE982F}.Release|Any CPU.ActiveCfg = Release|Any CPU
		{D578CE8A-CE9A-40C5-8F01-B3493DAE982F}.Release|Any CPU.Build.0 = Release|Any CPU
		{19AEC144-7200-40DD-A87E-AA81CB23348F}.Debug|Any CPU.ActiveCfg = Debug|Any CPU
		{19AEC144-7200-40DD-A87E-AA81CB23348F}.Debug|Any CPU.Build.0 = Debug|Any CPU
		{19AEC144-7200-40DD-A87E-AA81CB23348F}.Release|Any CPU.ActiveCfg = Release|Any CPU
		{19AEC144-7200-40DD-A87E-AA81CB23348F}.Release|Any CPU.Build.0 = Release|Any CPU
		{BE27EEAC-063C-450A-9476-779C47153254}.Debug|Any CPU.ActiveCfg = Debug|Any CPU
		{BE27EEAC-063C-450A-9476-779C47153254}.Debug|Any CPU.Build.0 = Debug|Any CPU
		{BE27EEAC-063C-450A-9476-779C47153254}.Release|Any CPU.ActiveCfg = Release|Any CPU
		{BE27EEAC-063C-450A-9476-779C47153254}.Release|Any CPU.Build.0 = Release|Any CPU
		{E7B9C073-86B7-4259-95CB-87CEF8BDF6FD}.Debug|Any CPU.ActiveCfg = Debug|Any CPU
		{E7B9C073-86B7-4259-95CB-87CEF8BDF6FD}.Debug|Any CPU.Build.0 = Debug|Any CPU
		{E7B9C073-86B7-4259-95CB-87CEF8BDF6FD}.Release|Any CPU.ActiveCfg = Release|Any CPU
		{E7B9C073-86B7-4259-95CB-87CEF8BDF6FD}.Release|Any CPU.Build.0 = Release|Any CPU
		{59205FD0-50B8-4559-9DE5-79E13D5EEEAF}.Debug|Any CPU.ActiveCfg = Debug|Any CPU
		{59205FD0-50B8-4559-9DE5-79E13D5EEEAF}.Debug|Any CPU.Build.0 = Debug|Any CPU
		{59205FD0-50B8-4559-9DE5-79E13D5EEEAF}.Release|Any CPU.ActiveCfg = Release|Any CPU
		{59205FD0-50B8-4559-9DE5-79E13D5EEEAF}.Release|Any CPU.Build.0 = Release|Any CPU
		{2FD376AF-BCDA-4C3F-B257-88DB9009C5C9}.Debug|Any CPU.ActiveCfg = Debug|Any CPU
		{2FD376AF-BCDA-4C3F-B257-88DB9009C5C9}.Debug|Any CPU.Build.0 = Debug|Any CPU
		{2FD376AF-BCDA-4C3F-B257-88DB9009C5C9}.Release|Any CPU.ActiveCfg = Release|Any CPU
		{2FD376AF-BCDA-4C3F-B257-88DB9009C5C9}.Release|Any CPU.Build.0 = Release|Any CPU
		{7C1EC237-C13D-4B6D-920A-F6C3409427DC}.Debug|Any CPU.ActiveCfg = Debug|Any CPU
		{7C1EC237-C13D-4B6D-920A-F6C3409427DC}.Debug|Any CPU.Build.0 = Debug|Any CPU
		{7C1EC237-C13D-4B6D-920A-F6C3409427DC}.Release|Any CPU.ActiveCfg = Release|Any CPU
		{7C1EC237-C13D-4B6D-920A-F6C3409427DC}.Release|Any CPU.Build.0 = Release|Any CPU
		{B2CB9041-BDDF-41D4-A466-453B9880A8CA}.Debug|Any CPU.ActiveCfg = Debug|Any CPU
		{B2CB9041-BDDF-41D4-A466-453B9880A8CA}.Debug|Any CPU.Build.0 = Debug|Any CPU
		{B2CB9041-BDDF-41D4-A466-453B9880A8CA}.Release|Any CPU.ActiveCfg = Release|Any CPU
		{B2CB9041-BDDF-41D4-A466-453B9880A8CA}.Release|Any CPU.Build.0 = Release|Any CPU
		{64D8BBD8-6E8C-41EA-BC88-E58EE8F5DEAF}.Debug|Any CPU.ActiveCfg = Debug|Any CPU
		{64D8BBD8-6E8C-41EA-BC88-E58EE8F5DEAF}.Debug|Any CPU.Build.0 = Debug|Any CPU
		{64D8BBD8-6E8C-41EA-BC88-E58EE8F5DEAF}.Release|Any CPU.ActiveCfg = Release|Any CPU
		{64D8BBD8-6E8C-41EA-BC88-E58EE8F5DEAF}.Release|Any CPU.Build.0 = Release|Any CPU
		{2F03C65B-4A3F-42A8-8FEA-83B367AE973F}.Debug|Any CPU.ActiveCfg = Debug|Any CPU
		{2F03C65B-4A3F-42A8-8FEA-83B367AE973F}.Debug|Any CPU.Build.0 = Debug|Any CPU
		{2F03C65B-4A3F-42A8-8FEA-83B367AE973F}.Release|Any CPU.ActiveCfg = Release|Any CPU
		{2F03C65B-4A3F-42A8-8FEA-83B367AE973F}.Release|Any CPU.Build.0 = Release|Any CPU
		{EF0E9896-5EF9-4ABD-A351-75B879AABB31}.Debug|Any CPU.ActiveCfg = Debug|Any CPU
		{EF0E9896-5EF9-4ABD-A351-75B879AABB31}.Debug|Any CPU.Build.0 = Debug|Any CPU
		{EF0E9896-5EF9-4ABD-A351-75B879AABB31}.Release|Any CPU.ActiveCfg = Release|Any CPU
		{EF0E9896-5EF9-4ABD-A351-75B879AABB31}.Release|Any CPU.Build.0 = Release|Any CPU
		{11709EE9-BA73-47EA-9953-545EACA400B0}.Debug|Any CPU.ActiveCfg = Debug|Any CPU
		{11709EE9-BA73-47EA-9953-545EACA400B0}.Debug|Any CPU.Build.0 = Debug|Any CPU
		{11709EE9-BA73-47EA-9953-545EACA400B0}.Release|Any CPU.ActiveCfg = Release|Any CPU
		{11709EE9-BA73-47EA-9953-545EACA400B0}.Release|Any CPU.Build.0 = Release|Any CPU
		{B983E94B-4D72-4161-8CBB-5EABA406EE82}.Debug|Any CPU.ActiveCfg = Debug|Any CPU
		{B983E94B-4D72-4161-8CBB-5EABA406EE82}.Debug|Any CPU.Build.0 = Debug|Any CPU
		{B983E94B-4D72-4161-8CBB-5EABA406EE82}.Release|Any CPU.ActiveCfg = Release|Any CPU
		{B983E94B-4D72-4161-8CBB-5EABA406EE82}.Release|Any CPU.Build.0 = Release|Any CPU
		{26D27C35-97A0-469F-9C92-11202B4763BC}.Debug|Any CPU.ActiveCfg = Debug|Any CPU
		{26D27C35-97A0-469F-9C92-11202B4763BC}.Debug|Any CPU.Build.0 = Debug|Any CPU
		{26D27C35-97A0-469F-9C92-11202B4763BC}.Release|Any CPU.ActiveCfg = Release|Any CPU
		{26D27C35-97A0-469F-9C92-11202B4763BC}.Release|Any CPU.Build.0 = Release|Any CPU
		{1E689290-081C-4929-83CE-994EFF5F3689}.Debug|Any CPU.ActiveCfg = Debug|Any CPU
		{1E689290-081C-4929-83CE-994EFF5F3689}.Debug|Any CPU.Build.0 = Debug|Any CPU
		{1E689290-081C-4929-83CE-994EFF5F3689}.Release|Any CPU.ActiveCfg = Release|Any CPU
		{1E689290-081C-4929-83CE-994EFF5F3689}.Release|Any CPU.Build.0 = Release|Any CPU
		{C9BADB0F-6461-439C-BBB9-0E6D584F0536}.Debug|Any CPU.ActiveCfg = Debug|Any CPU
		{C9BADB0F-6461-439C-BBB9-0E6D584F0536}.Debug|Any CPU.Build.0 = Debug|Any CPU
		{C9BADB0F-6461-439C-BBB9-0E6D584F0536}.Release|Any CPU.ActiveCfg = Release|Any CPU
		{C9BADB0F-6461-439C-BBB9-0E6D584F0536}.Release|Any CPU.Build.0 = Release|Any CPU
		{3515FBD7-4707-4A72-9A97-6927AD9EE478}.Debug|Any CPU.ActiveCfg = Debug|Any CPU
		{3515FBD7-4707-4A72-9A97-6927AD9EE478}.Debug|Any CPU.Build.0 = Debug|Any CPU
		{3515FBD7-4707-4A72-9A97-6927AD9EE478}.Release|Any CPU.ActiveCfg = Release|Any CPU
		{3515FBD7-4707-4A72-9A97-6927AD9EE478}.Release|Any CPU.Build.0 = Release|Any CPU
		{A5A7193C-1C68-43C4-8CF0-C63F5C624A73}.Debug|Any CPU.ActiveCfg = Debug|Any CPU
		{A5A7193C-1C68-43C4-8CF0-C63F5C624A73}.Debug|Any CPU.Build.0 = Debug|Any CPU
		{A5A7193C-1C68-43C4-8CF0-C63F5C624A73}.Release|Any CPU.ActiveCfg = Release|Any CPU
		{A5A7193C-1C68-43C4-8CF0-C63F5C624A73}.Release|Any CPU.Build.0 = Release|Any CPU
		{020D9F54-6C26-4531-9004-0EE6DAFA0955}.Debug|Any CPU.ActiveCfg = Debug|Any CPU
		{020D9F54-6C26-4531-9004-0EE6DAFA0955}.Debug|Any CPU.Build.0 = Debug|Any CPU
		{020D9F54-6C26-4531-9004-0EE6DAFA0955}.Release|Any CPU.ActiveCfg = Release|Any CPU
		{020D9F54-6C26-4531-9004-0EE6DAFA0955}.Release|Any CPU.Build.0 = Release|Any CPU
		{4E254FED-479F-47B2-B334-79DF418BCC48}.Debug|Any CPU.ActiveCfg = Debug|Any CPU
		{4E254FED-479F-47B2-B334-79DF418BCC48}.Debug|Any CPU.Build.0 = Debug|Any CPU
		{4E254FED-479F-47B2-B334-79DF418BCC48}.Release|Any CPU.ActiveCfg = Release|Any CPU
		{4E254FED-479F-47B2-B334-79DF418BCC48}.Release|Any CPU.Build.0 = Release|Any CPU
		{884CA9CD-319A-49EB-91FF-005C2A60EBB0}.Debug|Any CPU.ActiveCfg = Debug|Any CPU
		{884CA9CD-319A-49EB-91FF-005C2A60EBB0}.Debug|Any CPU.Build.0 = Debug|Any CPU
		{884CA9CD-319A-49EB-91FF-005C2A60EBB0}.Release|Any CPU.ActiveCfg = Release|Any CPU
		{884CA9CD-319A-49EB-91FF-005C2A60EBB0}.Release|Any CPU.Build.0 = Release|Any CPU
		{2B0B9B60-7113-44B0-9705-248B932F66D2}.Debug|Any CPU.ActiveCfg = Debug|Any CPU
		{2B0B9B60-7113-44B0-9705-248B932F66D2}.Debug|Any CPU.Build.0 = Debug|Any CPU
		{2B0B9B60-7113-44B0-9705-248B932F66D2}.Release|Any CPU.ActiveCfg = Release|Any CPU
		{2B0B9B60-7113-44B0-9705-248B932F66D2}.Release|Any CPU.Build.0 = Release|Any CPU
	EndGlobalSection
	GlobalSection(SolutionProperties) = preSolution
		HideSolutionNode = FALSE
	EndGlobalSection
	GlobalSection(NestedProjects) = preSolution
		{7B2759EB-9E5C-40F9-B732-CB43FF475E4C} = {E6DA5872-FE3A-4254-90B4-1D9AF638B17C}
		{C4CD7A94-BC51-4A39-8D4B-6D2EB74CD52A} = {E6DA5872-FE3A-4254-90B4-1D9AF638B17C}
		{12F40C03-05EE-4521-911F-5CE6AB84C7D4} = {C4CD7A94-BC51-4A39-8D4B-6D2EB74CD52A}
		{9017B2F6-3C7A-4F75-9919-6D6B3AD6CA07} = {C4CD7A94-BC51-4A39-8D4B-6D2EB74CD52A}
		{0E080EB4-4904-4000-861A-D810915BE08A} = {C4CD7A94-BC51-4A39-8D4B-6D2EB74CD52A}
		{D578CE8A-CE9A-40C5-8F01-B3493DAE982F} = {C4CD7A94-BC51-4A39-8D4B-6D2EB74CD52A}
		{19AEC144-7200-40DD-A87E-AA81CB23348F} = {C4CD7A94-BC51-4A39-8D4B-6D2EB74CD52A}
		{BE27EEAC-063C-450A-9476-779C47153254} = {C4CD7A94-BC51-4A39-8D4B-6D2EB74CD52A}
		{E7B9C073-86B7-4259-95CB-87CEF8BDF6FD} = {C4CD7A94-BC51-4A39-8D4B-6D2EB74CD52A}
		{CAA06576-1710-46CA-9C3A-A39EE2EB4501} = {E6DA5872-FE3A-4254-90B4-1D9AF638B17C}
		{B82A17B2-94DF-44C2-A459-EE6C6B68553C} = {CAA06576-1710-46CA-9C3A-A39EE2EB4501}
		{59205FD0-50B8-4559-9DE5-79E13D5EEEAF} = {B82A17B2-94DF-44C2-A459-EE6C6B68553C}
		{2FD376AF-BCDA-4C3F-B257-88DB9009C5C9} = {B82A17B2-94DF-44C2-A459-EE6C6B68553C}
		{7C1EC237-C13D-4B6D-920A-F6C3409427DC} = {B82A17B2-94DF-44C2-A459-EE6C6B68553C}
		{B2CB9041-BDDF-41D4-A466-453B9880A8CA} = {B82A17B2-94DF-44C2-A459-EE6C6B68553C}
		{64D8BBD8-6E8C-41EA-BC88-E58EE8F5DEAF} = {B82A17B2-94DF-44C2-A459-EE6C6B68553C}
		{2F03C65B-4A3F-42A8-8FEA-83B367AE973F} = {B82A17B2-94DF-44C2-A459-EE6C6B68553C}
		{ED3C2E00-7D83-4B62-8EBA-6EA30F29D008} = {CAA06576-1710-46CA-9C3A-A39EE2EB4501}
		{EF0E9896-5EF9-4ABD-A351-75B879AABB31} = {ED3C2E00-7D83-4B62-8EBA-6EA30F29D008}
		{11709EE9-BA73-47EA-9953-545EACA400B0} = {ED3C2E00-7D83-4B62-8EBA-6EA30F29D008}
		{B983E94B-4D72-4161-8CBB-5EABA406EE82} = {ED3C2E00-7D83-4B62-8EBA-6EA30F29D008}
		{26D27C35-97A0-469F-9C92-11202B4763BC} = {ED3C2E00-7D83-4B62-8EBA-6EA30F29D008}
		{1E689290-081C-4929-83CE-994EFF5F3689} = {ED3C2E00-7D83-4B62-8EBA-6EA30F29D008}
		{C9BADB0F-6461-439C-BBB9-0E6D584F0536} = {ED3C2E00-7D83-4B62-8EBA-6EA30F29D008}
		{D5745E26-94A0-427F-AA96-155EFB830169} = {CAA06576-1710-46CA-9C3A-A39EE2EB4501}
		{3515FBD7-4707-4A72-9A97-6927AD9EE478} = {D5745E26-94A0-427F-AA96-155EFB830169}
		{A5A7193C-1C68-43C4-8CF0-C63F5C624A73} = {D5745E26-94A0-427F-AA96-155EFB830169}
		{020D9F54-6C26-4531-9004-0EE6DAFA0955} = {D5745E26-94A0-427F-AA96-155EFB830169}
		{4E254FED-479F-47B2-B334-79DF418BCC48} = {D5745E26-94A0-427F-AA96-155EFB830169}
		{4BABECA4-9E06-4829-BB7C-3A271CC8BE88} = {AB603149-4B96-4005-AF79-884EB73820AB}
		{28A8DAB9-7E58-4CD4-B90A-368AB2558466} = {4BABECA4-9E06-4829-BB7C-3A271CC8BE88}
		{884CA9CD-319A-49EB-91FF-005C2A60EBB0} = {28A8DAB9-7E58-4CD4-B90A-368AB2558466}
		{2B0B9B60-7113-44B0-9705-248B932F66D2} = {28A8DAB9-7E58-4CD4-B90A-368AB2558466}
	EndGlobalSection
	GlobalSection(ExtensibilityGlobals) = postSolution
		SolutionGuid = {E932D6BE-FFD3-41C9-BB8C-521F664B8A39}
	EndGlobalSection
EndGlobal
